
Microsoft Visual Studio Solution File, Format Version 12.00
# Visual Studio Version 17
VisualStudioVersion = 17.2.32516.85
MinimumVisualStudioVersion = 10.0.40219.1
Project("{9A19103F-16F7-4668-BE54-9A1E7A4F7556}") = "RazorPizzeria", "RazorPizzeria\RazorPizzeria.csproj", "{C860BCB5-70E8-4436-83EC-4DA7CF587268}"
EndProject
Global
	GlobalSection(SolutionConfigurationPlatforms) = preSolution
		Debug|Any CPU = Debug|Any CPU
		Release|Any CPU = Release|Any CPU
	EndGlobalSection
	GlobalSection(ProjectConfigurationPlatforms) = postSolution
		{C860BCB5-70E8-4436-83EC-4DA7CF587268}.Debug|Any CPU.ActiveCfg = Debug|Any CPU
		{C860BCB5-70E8-4436-83EC-4DA7CF587268}.Debug|Any CPU.Build.0 = Debug|Any CPU
		{C860BCB5-70E8-4436-83EC-4DA7CF587268}.Release|Any CPU.ActiveCfg = Release|Any CPU
		{C860BCB5-70E8-4436-83EC-4DA7CF587268}.Release|Any CPU.Build.0 = Release|Any CPU
	EndGlobalSection
	GlobalSection(SolutionProperties) = preSolution
		HideSolutionNode = FALSE
	EndGlobalSection
	GlobalSection(ExtensibilityGlobals) = postSolution
		SolutionGuid = {D44C6C73-57CB-429B-A92C-E136F47A6E3D}
	EndGlobalSection
EndGlobal
